{
  "version": 4,
  "terraform_version": "1.10.5",
  "serial": 1,
  "lineage": "95e53aca-4e05-326a-9f89-6caecbcc42da",
  "outputs": {},
  "resources": [
    {
      "mode": "managed",
      "type": "local_sensitive_file",
      "name": "example1",
      "provider": "provider[\"registry.terraform.io/hashicorp/local\"]",
      "instances": [
        {
          "schema_version": 0,
          "attributes": {
            "content": "venkata!",
            "content_base64": null,
            "content_base64sha256": "VnmuD56m12edLLpuJ+/jcy4tQnIO3aAZUoakOQzZWIQ=",
            "content_base64sha512": "PrQf4n6/4Fbu5zy37ELughqX+ED2voTqa6SOTtjkhrxvB8/NrgDRXkdM7VyQ0vms9GSq/+AZmWvK4prED2WB+w==",
            "content_md5": "612496fd9daed5b77e3d53bcc2f54b72",
            "content_sha1": "e00c376fbba10825e6ba718f0adb2a56401a003d",
            "content_sha256": "5679ae0f9ea6d7679d2cba6e27efe3732e2d42720edda0195286a4390cd95884",
            "content_sha512": "3eb41fe27ebfe056eee73cb7ec42ee821a97f840f6be84ea6ba48e4ed8e486bc6f07cfcdae00d15e474ced5c90d2f9acf464aaffe019996bcae29ac40f6581fb",
            "directory_permission": "0700",
            "file_permission": "0700",
            "filename": "./sensitive.txt",
            "id": "e00c376fbba10825e6ba718f0adb2a56401a003d",
            "source": null
          },
          "sensitive_attributes": [
            [
              {
                "type": "get_attr",
                "value": "content"
              }
            ],
            [
              {
                "type": "get_attr",
                "value": "content_base64"
              }
            ]
          ]
        }
      ]
    }
  ],
  "check_results": null
}
