{
  "version": 4,
  "terraform_version": "1.10.5",
  "serial": 1,
  "lineage": "cb7522a1-d18c-2987-44f8-3cac79b6b577",
  "outputs": {},
  "resources": [
    {
      "mode": "managed",
      "type": "local_file",
      "name": "tf_example1",
      "provider": "provider[\"registry.terraform.io/hashicorp/local\"]",
      "instances": [
        {
          "index_key": 0,
          "schema_version": 0,
          "attributes": {
            "content": "ramana is a good instructor!",
            "content_base64": null,
            "content_base64sha256": "hBbPwRDHgdDDlYKqQDqnFL01san2uthwjnL9se8ZTLM=",
            "content_base64sha512": "FYvutbudZLooPNAV+fa8J4wDpXTtFD1UQmiV++3psDcbuH/oB9M5vMrVyhknIh3QhHRIDuEKIb5dBtvAIzbEKQ==",
            "content_md5": "f003887158815216c6a8227e6a8f2c8c",
            "content_sha1": "12ad3c45600d4019db59e74813825b00f43e8433",
            "content_sha256": "8416cfc110c781d0c39582aa403aa714bd35b1a9f6bad8708e72fdb1ef194cb3",
            "content_sha512": "158beeb5bb9d64ba283cd015f9f6bc278c03a574ed143d54426895fbede9b0371bb87fe807d339bccad5ca1927221dd08474480ee10a21be5d06dbc02336c429",
            "directory_permission": "0777",
            "file_permission": "0777",
            "filename": "./example-0.txt",
            "id": "12ad3c45600d4019db59e74813825b00f43e8433",
            "sensitive_content": null,
            "source": null
          },
          "sensitive_attributes": [
            [
              {
                "type": "get_attr",
                "value": "sensitive_content"
              }
            ]
          ]
        },
        {
          "index_key": 1,
          "schema_version": 0,
          "attributes": {
            "content": "ramana is a good instructor!",
            "content_base64": null,
            "content_base64sha256": "hBbPwRDHgdDDlYKqQDqnFL01san2uthwjnL9se8ZTLM=",
            "content_base64sha512": "FYvutbudZLooPNAV+fa8J4wDpXTtFD1UQmiV++3psDcbuH/oB9M5vMrVyhknIh3QhHRIDuEKIb5dBtvAIzbEKQ==",
            "content_md5": "f003887158815216c6a8227e6a8f2c8c",
            "content_sha1": "12ad3c45600d4019db59e74813825b00f43e8433",
            "content_sha256": "8416cfc110c781d0c39582aa403aa714bd35b1a9f6bad8708e72fdb1ef194cb3",
            "content_sha512": "158beeb5bb9d64ba283cd015f9f6bc278c03a574ed143d54426895fbede9b0371bb87fe807d339bccad5ca1927221dd08474480ee10a21be5d06dbc02336c429",
            "directory_permission": "0777",
            "file_permission": "0777",
            "filename": "./example-1.txt",
            "id": "12ad3c45600d4019db59e74813825b00f43e8433",
            "sensitive_content": null,
            "source": null
          },
          "sensitive_attributes": [
            [
              {
                "type": "get_attr",
                "value": "sensitive_content"
              }
            ]
          ]
        },
        {
          "index_key": 2,
          "schema_version": 0,
          "attributes": {
            "content": "ramana is a good instructor!",
            "content_base64": null,
            "content_base64sha256": "hBbPwRDHgdDDlYKqQDqnFL01san2uthwjnL9se8ZTLM=",
            "content_base64sha512": "FYvutbudZLooPNAV+fa8J4wDpXTtFD1UQmiV++3psDcbuH/oB9M5vMrVyhknIh3QhHRIDuEKIb5dBtvAIzbEKQ==",
            "content_md5": "f003887158815216c6a8227e6a8f2c8c",
            "content_sha1": "12ad3c45600d4019db59e74813825b00f43e8433",
            "content_sha256": "8416cfc110c781d0c39582aa403aa714bd35b1a9f6bad8708e72fdb1ef194cb3",
            "content_sha512": "158beeb5bb9d64ba283cd015f9f6bc278c03a574ed143d54426895fbede9b0371bb87fe807d339bccad5ca1927221dd08474480ee10a21be5d06dbc02336c429",
            "directory_permission": "0777",
            "file_permission": "0777",
            "filename": "./example-2.txt",
            "id": "12ad3c45600d4019db59e74813825b00f43e8433",
            "sensitive_content": null,
            "source": null
          },
          "sensitive_attributes": [
            [
              {
                "type": "get_attr",
                "value": "sensitive_content"
              }
            ]
          ]
        }
      ]
    }
  ],
  "check_results": null
}
