{
  "version": 4,
  "terraform_version": "1.10.5",
  "serial": 1,
  "lineage": "a94d803e-e4c5-f6ea-9341-446dc7953b14",
  "outputs": {},
  "resources": [
    {
      "mode": "managed",
      "type": "local_file",
      "name": "tf_example1",
      "provider": "provider[\"registry.terraform.io/hashicorp/local\"]",
      "instances": [
        {
          "index_key": 0,
          "schema_version": 0,
          "attributes": {
            "content": "ramana is a good instructor!",
            "content_base64": null,
            "content_base64sha256": "hBbPwRDHgdDDlYKqQDqnFL01san2uthwjnL9se8ZTLM=",
            "content_base64sha512": "FYvutbudZLooPNAV+fa8J4wDpXTtFD1UQmiV++3psDcbuH/oB9M5vMrVyhknIh3QhHRIDuEKIb5dBtvAIzbEKQ==",
            "content_md5": "f003887158815216c6a8227e6a8f2c8c",
            "content_sha1": "12ad3c45600d4019db59e74813825b00f43e8433",
            "content_sha256": "8416cfc110c781d0c39582aa403aa714bd35b1a9f6bad8708e72fdb1ef194cb3",
            "content_sha512": "158beeb5bb9d64ba283cd015f9f6bc278c03a574ed143d54426895fbede9b0371bb87fe807d339bccad5ca1927221dd08474480ee10a21be5d06dbc02336c429",
            "directory_permission": "0777",
            "file_permission": "0777",
            "filename": "./example-0.txt",
            "id": "12ad3c45600d4019db59e74813825b00f43e8433",
            "sensitive_content": null,
            "source": null
          },
          "sensitive_attributes": [
            [
              {
                "type": "get_attr",
                "value": "sensitive_content"
              }
            ]
          ]
        }
      ]
    },
    {
      "mode": "managed",
      "type": "local_sensitive_file",
      "name": "tf_example2",
      "provider": "provider[\"registry.terraform.io/hashicorp/local\"]",
      "instances": [
        {
          "schema_version": 0,
          "attributes": {
            "content": "ram is a good instructor!",
            "content_base64": null,
            "content_base64sha256": "LcWZm5NAyCm6geYsiGhAsIBaJhO3/+Wfcjm/vJkGaJI=",
            "content_base64sha512": "sxNBsSCJWACWWftd0AYXJV9xm+hzjQRSKBWVUDxL3tsTvYWcKJF39rKkDSq1u+/+4MMdYWVdThrCB6finSgtow==",
            "content_md5": "555f1338a68b0e4bcd14a6d497fd354d",
            "content_sha1": "b3f7e5b32acbb9d0901c1d7658b4f355848ce9e5",
            "content_sha256": "2dc5999b9340c829ba81e62c886840b0805a2613b7ffe59f7239bfbc99066892",
            "content_sha512": "b31341b1208958009659fb5dd00617255f719be8738d0452281595503c4bdedb13bd859c289177f6b2a40d2ab5bbeffee0c31d61655d4e1ac207a7e29d282da3",
            "directory_permission": "0700",
            "file_permission": "0700",
            "filename": "./example-sensitive.txt",
            "id": "b3f7e5b32acbb9d0901c1d7658b4f355848ce9e5",
            "source": null
          },
          "sensitive_attributes": [
            [
              {
                "type": "get_attr",
                "value": "content"
              }
            ],
            [
              {
                "type": "get_attr",
                "value": "content_base64"
              }
            ]
          ]
        }
      ]
    }
  ],
  "check_results": null
}
